
Microsoft Visual Studio Solution File, Format Version 12.00
# Visual Studio Version 17
VisualStudioVersion = 17.6.33723.286
MinimumVisualStudioVersion = 10.0.40219.1
Project("{FAE04EC0-301F-11D3-BF4B-00C04F79EFBC}") = "SUMEInstaller", "Installer\SUMEInstaller.csproj", "{9A666DDD-D944-4044-8AC2-4E1751DF75FC}"
EndProject
Project("{FAE04EC0-301F-11D3-BF4B-00C04F79EFBC}") = "ConsoleLib", "VELDsConsoleLibrary\ConsoleLib.csproj", "{29D4E0BA-A149-47C3-88D5-1F8DB292E79F}"
EndProject
Global
	GlobalSection(SolutionConfigurationPlatforms) = preSolution
		Debug|Any CPU = Debug|Any CPU
		Release|Any CPU = Release|Any CPU
	EndGlobalSection
	GlobalSection(ProjectConfigurationPlatforms) = postSolution
		{9A666DDD-D944-4044-8AC2-4E1751DF75FC}.Debug|Any CPU.ActiveCfg = Debug|Any CPU
		{9A666DDD-D944-4044-8AC2-4E1751DF75FC}.Debug|Any CPU.Build.0 = Debug|Any CPU
		{9A666DDD-D944-4044-8AC2-4E1751DF75FC}.Release|Any CPU.ActiveCfg = Release|Any CPU
		{9A666DDD-D944-4044-8AC2-4E1751DF75FC}.Release|Any CPU.Build.0 = Release|Any CPU
		{29D4E0BA-A149-47C3-88D5-1F8DB292E79F}.Debug|Any CPU.ActiveCfg = Debug|Any CPU
		{29D4E0BA-A149-47C3-88D5-1F8DB292E79F}.Debug|Any CPU.Build.0 = Debug|Any CPU
		{29D4E0BA-A149-47C3-88D5-1F8DB292E79F}.Release|Any CPU.ActiveCfg = Release|Any CPU
		{29D4E0BA-A149-47C3-88D5-1F8DB292E79F}.Release|Any CPU.Build.0 = Release|Any CPU
	EndGlobalSection
	GlobalSection(SolutionProperties) = preSolution
		HideSolutionNode = FALSE
	EndGlobalSection
	GlobalSection(ExtensibilityGlobals) = postSolution
		SolutionGuid = {31794AA7-B434-4271-9C06-AD5D3A173C73}
	EndGlobalSection
EndGlobal
